
Microsoft Visual Studio Solution File, Format Version 12.00
# Visual Studio Version 17
VisualStudioVersion = 17.5.002.0
MinimumVisualStudioVersion = 10.0.40219.1
Project("{9A19103F-16F7-4668-BE54-9A1E7A4F7556}") = "inventario", "inventario.csproj", "{355712D9-8845-4716-AB31-DB5C7576BAED}"
EndProject
Global
	GlobalSection(SolutionConfigurationPlatforms) = preSolution
		Debug|Any CPU = Debug|Any CPU
		Release|Any CPU = Release|Any CPU
	EndGlobalSection
	GlobalSection(ProjectConfigurationPlatforms) = postSolution
		{355712D9-8845-4716-AB31-DB5C7576BAED}.Debug|Any CPU.ActiveCfg = Debug|Any CPU
		{355712D9-8845-4716-AB31-DB5C7576BAED}.Debug|Any CPU.Build.0 = Debug|Any CPU
		{355712D9-8845-4716-AB31-DB5C7576BAED}.Release|Any CPU.ActiveCfg = Release|Any CPU
		{355712D9-8845-4716-AB31-DB5C7576BAED}.Release|Any CPU.Build.0 = Release|Any CPU
	EndGlobalSection
	GlobalSection(SolutionProperties) = preSolution
		HideSolutionNode = FALSE
	EndGlobalSection
	GlobalSection(ExtensibilityGlobals) = postSolution
		SolutionGuid = {3568B533-9674-4CB6-A584-87340DF0F4DC}
	EndGlobalSection
EndGlobal
